{
  "name": "calculadora-nextjs",
  "version": "0.1.0",
  "lockfileVersion": 3,
  "requires": true,
  "packages": {
    "": {
      "name": "calculadora-nextjs",
      "version": "0.1.0",
      "dependencies": {
        "next": "14.0.4",
        "react": "^18",
        "react-dom": "^18"
      },
      "devDependencies": {
        "eslint": "^8",
        "eslint-config-next": "14.0.4"
      }
    }
  }
}
